
Microsoft Visual Studio Solution File, Format Version 12.00
# Visual Studio Version 17
VisualStudioVersion = 17.5.33530.505
MinimumVisualStudioVersion = 10.0.40219.1
Project("{FAE04EC0-301F-11D3-BF4B-00C04F79EFBC}") = "Reforestation", "Reforestation.csproj", "{5F4D749B-C5E6-4D32-B83E-6DC9E724BE76}"
EndProject
Global
	GlobalSection(SolutionConfigurationPlatforms) = preSolution
		Debug|Any CPU = Debug|Any CPU
		Release|Any CPU = Release|Any CPU
	EndGlobalSection
	GlobalSection(ProjectConfigurationPlatforms) = postSolution
		{5F4D749B-C5E6-4D32-B83E-6DC9E724BE76}.Debug|Any CPU.ActiveCfg = Debug|Any CPU
		{5F4D749B-C5E6-4D32-B83E-6DC9E724BE76}.Debug|Any CPU.Build.0 = Debug|Any CPU
		{5F4D749B-C5E6-4D32-B83E-6DC9E724BE76}.Release|Any CPU.ActiveCfg = Release|Any CPU
		{5F4D749B-C5E6-4D32-B83E-6DC9E724BE76}.Release|Any CPU.Build.0 = Release|Any CPU
	EndGlobalSection
	GlobalSection(SolutionProperties) = preSolution
		HideSolutionNode = FALSE
	EndGlobalSection
	GlobalSection(ExtensibilityGlobals) = postSolution
		SolutionGuid = {888037E1-EBCD-419A-B142-A643266AEDC2}
	EndGlobalSection
EndGlobal
